
Microsoft Visual Studio Solution File, Format Version 12.00
# Visual Studio 15
VisualStudioVersion = 15.0.26124.0
MinimumVisualStudioVersion = 15.0.26124.0
Project("{2150E333-8FDC-42A3-9474-1A3956D46DE8}") = "src", "src", "{4F97D6A7-7000-48F0-AAD1-3D5061F82A2C}"
EndProject
Project("{9A19103F-16F7-4668-BE54-9A1E7A4F7556}") = "W4k.Serilog.Sinks.SumoLogic", "src\W4k.Serilog.Sinks.SumoLogic\W4k.Serilog.Sinks.SumoLogic.csproj", "{DFF96FA4-4CB2-4F73-A8B6-3DFF44C0A1C8}"
EndProject
Project("{2150E333-8FDC-42A3-9474-1A3956D46DE8}") = "solution", "solution", "{7F7C147B-8989-4782-8EF8-6BE7DB5514E8}"
	ProjectSection(SolutionItems) = preProject
		.editorconfig = .editorconfig
		.gitattributes = .gitattributes
		.gitignore = .gitignore
		LICENSE = LICENSE
		README.md = README.md
		stylecop.json = stylecop.json
	EndProjectSection
EndProject
Project("{2150E333-8FDC-42A3-9474-1A3956D46DE8}") = "sample", "sample", "{B642C1E0-F4ED-4A0E-A6A7-DC5EFB1C3065}"
EndProject
Project("{9A19103F-16F7-4668-BE54-9A1E7A4F7556}") = "W4k.Serilog.Sinks.SumoLogic.Sample", "sample\W4k.Serilog.Sinks.SumoLogic.Sample\W4k.Serilog.Sinks.SumoLogic.Sample.csproj", "{2A06166F-E708-4E8A-94C0-76AC5169DB9B}"
EndProject
Project("{2150E333-8FDC-42A3-9474-1A3956D46DE8}") = "test", "test", "{757398C2-118D-4977-A864-2279E1742D8F}"
EndProject
Project("{9A19103F-16F7-4668-BE54-9A1E7A4F7556}") = "W4k.Serilog.Sinks.SumoLogic.UnitTests", "test\W4k.Serilog.Sinks.SumoLogic.UnitTests\W4k.Serilog.Sinks.SumoLogic.UnitTests.csproj", "{368B5517-5E77-4CC9-9B2E-2CC375A23D3E}"
EndProject
Global
	GlobalSection(SolutionConfigurationPlatforms) = preSolution
		Debug|Any CPU = Debug|Any CPU
		Debug|x64 = Debug|x64
		Debug|x86 = Debug|x86
		Release|Any CPU = Release|Any CPU
		Release|x64 = Release|x64
		Release|x86 = Release|x86
	EndGlobalSection
	GlobalSection(ProjectConfigurationPlatforms) = postSolution
		{DFF96FA4-4CB2-4F73-A8B6-3DFF44C0A1C8}.Debug|Any CPU.ActiveCfg = Debug|Any CPU
		{DFF96FA4-4CB2-4F73-A8B6-3DFF44C0A1C8}.Debug|Any CPU.Build.0 = Debug|Any CPU
		{DFF96FA4-4CB2-4F73-A8B6-3DFF44C0A1C8}.Debug|x64.ActiveCfg = Debug|Any CPU
		{DFF96FA4-4CB2-4F73-A8B6-3DFF44C0A1C8}.Debug|x64.Build.0 = Debug|Any CPU
		{DFF96FA4-4CB2-4F73-A8B6-3DFF44C0A1C8}.Debug|x86.ActiveCfg = Debug|Any CPU
		{DFF96FA4-4CB2-4F73-A8B6-3DFF44C0A1C8}.Debug|x86.Build.0 = Debug|Any CPU
		{DFF96FA4-4CB2-4F73-A8B6-3DFF44C0A1C8}.Release|Any CPU.ActiveCfg = Release|Any CPU
		{DFF96FA4-4CB2-4F73-A8B6-3DFF44C0A1C8}.Release|Any CPU.Build.0 = Release|Any CPU
		{DFF96FA4-4CB2-4F73-A8B6-3DFF44C0A1C8}.Release|x64.ActiveCfg = Release|Any CPU
		{DFF96FA4-4CB2-4F73-A8B6-3DFF44C0A1C8}.Release|x64.Build.0 = Release|Any CPU
		{DFF96FA4-4CB2-4F73-A8B6-3DFF44C0A1C8}.Release|x86.ActiveCfg = Release|Any CPU
		{DFF96FA4-4CB2-4F73-A8B6-3DFF44C0A1C8}.Release|x86.Build.0 = Release|Any CPU
		{2A06166F-E708-4E8A-94C0-76AC5169DB9B}.Debug|Any CPU.ActiveCfg = Debug|Any CPU
		{2A06166F-E708-4E8A-94C0-76AC5169DB9B}.Debug|Any CPU.Build.0 = Debug|Any CPU
		{2A06166F-E708-4E8A-94C0-76AC5169DB9B}.Debug|x64.ActiveCfg = Debug|Any CPU
		{2A06166F-E708-4E8A-94C0-76AC5169DB9B}.Debug|x64.Build.0 = Debug|Any CPU
		{2A06166F-E708-4E8A-94C0-76AC5169DB9B}.Debug|x86.ActiveCfg = Debug|Any CPU
		{2A06166F-E708-4E8A-94C0-76AC5169DB9B}.Debug|x86.Build.0 = Debug|Any CPU
		{2A06166F-E708-4E8A-94C0-76AC5169DB9B}.Release|Any CPU.ActiveCfg = Release|Any CPU
		{2A06166F-E708-4E8A-94C0-76AC5169DB9B}.Release|Any CPU.Build.0 = Release|Any CPU
		{2A06166F-E708-4E8A-94C0-76AC5169DB9B}.Release|x64.ActiveCfg = Release|Any CPU
		{2A06166F-E708-4E8A-94C0-76AC5169DB9B}.Release|x64.Build.0 = Release|Any CPU
		{2A06166F-E708-4E8A-94C0-76AC5169DB9B}.Release|x86.ActiveCfg = Release|Any CPU
		{2A06166F-E708-4E8A-94C0-76AC5169DB9B}.Release|x86.Build.0 = Release|Any CPU
		{368B5517-5E77-4CC9-9B2E-2CC375A23D3E}.Debug|Any CPU.ActiveCfg = Debug|Any CPU
		{368B5517-5E77-4CC9-9B2E-2CC375A23D3E}.Debug|Any CPU.Build.0 = Debug|Any CPU
		{368B5517-5E77-4CC9-9B2E-2CC375A23D3E}.Debug|x64.ActiveCfg = Debug|Any CPU
		{368B5517-5E77-4CC9-9B2E-2CC375A23D3E}.Debug|x64.Build.0 = Debug|Any CPU
		{368B5517-5E77-4CC9-9B2E-2CC375A23D3E}.Debug|x86.ActiveCfg = Debug|Any CPU
		{368B5517-5E77-4CC9-9B2E-2CC375A23D3E}.Debug|x86.Build.0 = Debug|Any CPU
		{368B5517-5E77-4CC9-9B2E-2CC375A23D3E}.Release|Any CPU.ActiveCfg = Release|Any CPU
		{368B5517-5E77-4CC9-9B2E-2CC375A23D3E}.Release|Any CPU.Build.0 = Release|Any CPU
		{368B5517-5E77-4CC9-9B2E-2CC375A23D3E}.Release|x64.ActiveCfg = Release|Any CPU
		{368B5517-5E77-4CC9-9B2E-2CC375A23D3E}.Release|x64.Build.0 = Release|Any CPU
		{368B5517-5E77-4CC9-9B2E-2CC375A23D3E}.Release|x86.ActiveCfg = Release|Any CPU
		{368B5517-5E77-4CC9-9B2E-2CC375A23D3E}.Release|x86.Build.0 = Release|Any CPU
	EndGlobalSection
	GlobalSection(SolutionProperties) = preSolution
		HideSolutionNode = FALSE
	EndGlobalSection
	GlobalSection(NestedProjects) = preSolution
		{DFF96FA4-4CB2-4F73-A8B6-3DFF44C0A1C8} = {4F97D6A7-7000-48F0-AAD1-3D5061F82A2C}
		{2A06166F-E708-4E8A-94C0-76AC5169DB9B} = {B642C1E0-F4ED-4A0E-A6A7-DC5EFB1C3065}
		{368B5517-5E77-4CC9-9B2E-2CC375A23D3E} = {757398C2-118D-4977-A864-2279E1742D8F}
	EndGlobalSection
	GlobalSection(ExtensibilityGlobals) = postSolution
		SolutionGuid = {1F1F8F66-B18B-47D7-9028-5CA00EC3F9A6}
	EndGlobalSection
EndGlobal
